PODS:
  - GPUImage (0.1.7)
  - YUGPUImageCVPixelBufferInput (0.1):
    - GPUImage

DEPENDENCIES:
  - YUGPUImageCVPixelBufferInput (from `../`)

EXTERNAL SOURCES:
  YUGPUImageCVPixelBufferInput:
    :path: "../"

SPEC CHECKSUMS:
  GPUImage: 733a5f0fab92df9de1c37ba9df520a833ccb406d
  YUGPUImageCVPixelBufferInput: a3e24f3199c5f208325cd58fa2d55ae945f98c04

PODFILE CHECKSUM: 554840f1bd163b6ad45b10c0b155a427253f8596

COCOAPODS: 1.0.0.beta.3
